# This file is autogenerated, do not edit; changes may be undone by the next 'dep ensure'.


[[projects]]
  branch = "master"
  name = "github.com/btcsuite/btcd"
  packages = [
    "btcec",
    "chaincfg",
    "chaincfg/chainhash",
    "txscript",
    "wire"
  ]
  revision = "86fed781132ac890ee03e906e4ecd5d6fa180c64"

[[projects]]
  branch = "master"
  name = "github.com/btcsuite/btclog"
  packages = ["."]
  revision = "84c8d2346e9fc8c7b947e243b9c24e6df9fd206a"

[[projects]]
  branch = "master"
  name = "github.com/btcsuite/btcutil"
  packages = [
    ".",
    "base58",
    "bech32"
  ]
  revision = "d4cc87b860166d00d6b5b9e0d3b3d71d6088d4d4"

[[projects]]
  branch = "master"
  name = "github.com/roasbeef/btcd"
  packages = ["btcec"]
  revision = "a03db407e40d3b66ea29984263bbc8bf4d2f04c4"

[[projects]]
  branch = "master"
  name = "golang.org/x/crypto"
  packages = ["ripemd160"]
  revision = "37a17fe027db43f76fd88b056ddf588563fc8722"

[solve-meta]
  analyzer-name = "dep"
  analyzer-version = 1
  inputs-digest = "b27412ebc7833d7f1bccd43a366814c6178b225f90d941cfd36f3f18163ac6ce"
  solver-name = "gps-cdcl"
  solver-version = 1
